
Microsoft Visual Studio Solution File, Format Version 12.00
# Visual Studio Version 17
VisualStudioVersion = 17.13.35825.156 d17.13
MinimumVisualStudioVersion = 10.0.40219.1
Project("{FAE04EC0-301F-11D3-BF4B-00C04F79EFBC}") = "EGMS20250324S14.AppWebMVC", "EGMS20250324S14.AppWebMVC\EGMS20250324S14.AppWebMVC.csproj", "{8C329554-CA0F-4A4F-B5CB-A030CF0482F9}"
EndProject
Global
	GlobalSection(SolutionConfigurationPlatforms) = preSolution
		Debug|Any CPU = Debug|Any CPU
		Release|Any CPU = Release|Any CPU
	EndGlobalSection
	GlobalSection(ProjectConfigurationPlatforms) = postSolution
		{8C329554-CA0F-4A4F-B5CB-A030CF0482F9}.Debug|Any CPU.ActiveCfg = Debug|Any CPU
		{8C329554-CA0F-4A4F-B5CB-A030CF0482F9}.Debug|Any CPU.Build.0 = Debug|Any CPU
		{8C329554-CA0F-4A4F-B5CB-A030CF0482F9}.Release|Any CPU.ActiveCfg = Release|Any CPU
		{8C329554-CA0F-4A4F-B5CB-A030CF0482F9}.Release|Any CPU.Build.0 = Release|Any CPU
	EndGlobalSection
	GlobalSection(SolutionProperties) = preSolution
		HideSolutionNode = FALSE
	EndGlobalSection
	GlobalSection(ExtensibilityGlobals) = postSolution
		SolutionGuid = {83101B9B-DB95-49B6-ABD4-D07B3AB6B905}
	EndGlobalSection
EndGlobal
